
Microsoft Visual Studio Solution File, Format Version 12.00
# Visual Studio Version 16
VisualStudioVersion = 16.0.30114.105
MinimumVisualStudioVersion = 10.0.40219.1
Project("{FAE04EC0-301F-11D3-BF4B-00C04F79EFBC}") = "Carrental", "Carrental\Carrental.csproj", "{0302170C-15D5-4D9C-8950-EDD203FEB31A}"
EndProject
Global
	GlobalSection(SolutionConfigurationPlatforms) = preSolution
		Debug|Any CPU = Debug|Any CPU
		Release|Any CPU = Release|Any CPU
	EndGlobalSection
	GlobalSection(ProjectConfigurationPlatforms) = postSolution
		{0302170C-15D5-4D9C-8950-EDD203FEB31A}.Debug|Any CPU.ActiveCfg = Debug|Any CPU
		{0302170C-15D5-4D9C-8950-EDD203FEB31A}.Debug|Any CPU.Build.0 = Debug|Any CPU
		{0302170C-15D5-4D9C-8950-EDD203FEB31A}.Release|Any CPU.ActiveCfg = Release|Any CPU
		{0302170C-15D5-4D9C-8950-EDD203FEB31A}.Release|Any CPU.Build.0 = Release|Any CPU
	EndGlobalSection
	GlobalSection(SolutionProperties) = preSolution
		HideSolutionNode = FALSE
	EndGlobalSection
	GlobalSection(ExtensibilityGlobals) = postSolution
		SolutionGuid = {67EEECD0-8CA8-4295-A39D-E63B4D85AEAD}
	EndGlobalSection
EndGlobal
